// !$*UTF8*$!
{
	archiveVersion = 1;
	classes = {
	};
	objectVersion = 55;
	objects = {

/* Begin PBXBuildFile section */
		3520EEF22A5CD3C000A53B34 /* OrganizingSentenceRouter.swift in Sources */ = {isa = PBXBuildFile; fileRef = 3520EEEE2A5CD3C000A53B34 /* OrganizingSentenceRouter.swift */; };
		3520EEF32A5CD3C000A53B34 /* OrganizingSentenceViewController.swift in Sources */ = {isa = PBXBuildFile; fileRef = 3520EEEF2A5CD3C000A53B34 /* OrganizingSentenceViewController.swift */; };
		3520EEF42A5CD3C000A53B34 /* OrganizingSentenceBuilder.swift in Sources */ = {isa = PBXBuildFile; fileRef = 3520EEF02A5CD3C000A53B34 /* OrganizingSentenceBuilder.swift */; };
		3520EEF52A5CD3C000A53B34 /* OrganizingSentenceInteractor.swift in Sources */ = {isa = PBXBuildFile; fileRef = 3520EEF12A5CD3C000A53B34 /* OrganizingSentenceInteractor.swift */; };
		3520EEFA2A5CD57800A53B34 /* SentenceTableViewCell.swift in Sources */ = {isa = PBXBuildFile; fileRef = 3520EEF92A5CD57800A53B34 /* SentenceTableViewCell.swift */; };
		3520EEFC2A5D5F7D00A53B34 /* ReusableCell.swift in Sources */ = {isa = PBXBuildFile; fileRef = 3520EEFB2A5D5F7D00A53B34 /* ReusableCell.swift */; };
		3520EEFE2A5E623D00A53B34 /* PaddingLabel.swift in Sources */ = {isa = PBXBuildFile; fileRef = 3520EEFD2A5E623D00A53B34 /* PaddingLabel.swift */; };
		3520EF012A5E697000A53B34 /* OrganizingSentenceViewModel.swift in Sources */ = {isa = PBXBuildFile; fileRef = 3520EF002A5E697000A53B34 /* OrganizingSentenceViewModel.swift */; };
		3520EF042A5E6F9C00A53B34 /* OrganizingSentenceRepository.swift in Sources */ = {isa = PBXBuildFile; fileRef = 3520EF032A5E6F9C00A53B34 /* OrganizingSentenceRepository.swift */; };
		3520EF082A5E8F3400A53B34 /* UIImage+ParticleImage.swift in Sources */ = {isa = PBXBuildFile; fileRef = 3520EF072A5E8F3400A53B34 /* UIImage+ParticleImage.swift */; };
		3520EF162A5E91A900A53B34 /* SetAdditionalInformationRouter.swift in Sources */ = {isa = PBXBuildFile; fileRef = 3520EF122A5E91A900A53B34 /* SetAdditionalInformationRouter.swift */; };
		3520EF172A5E91A900A53B34 /* SetAdditionalInformationViewController.swift in Sources */ = {isa = PBXBuildFile; fileRef = 3520EF132A5E91A900A53B34 /* SetAdditionalInformationViewController.swift */; };
		3520EF182A5E91A900A53B34 /* SetAdditionalInformationBuilder.swift in Sources */ = {isa = PBXBuildFile; fileRef = 3520EF142A5E91A900A53B34 /* SetAdditionalInformationBuilder.swift */; };
		3520EF192A5E91A900A53B34 /* SetAdditionalInformationInteractor.swift in Sources */ = {isa = PBXBuildFile; fileRef = 3520EF152A5E91A900A53B34 /* SetAdditionalInformationInteractor.swift */; };
		3520EF1C2A5FA80F00A53B34 /* LeftAlignedCollectionViewFlowLayout.swift in Sources */ = {isa = PBXBuildFile; fileRef = 3520EF1B2A5FA80F00A53B34 /* LeftAlignedCollectionViewFlowLayout.swift */; };
		3520EF1E2A5FA83600A53B34 /* DynamicHeightCollectionView.swift in Sources */ = {isa = PBXBuildFile; fileRef = 3520EF1D2A5FA83600A53B34 /* DynamicHeightCollectionView.swift */; };
		3520EF202A5FA86700A53B34 /* LeftAlignedCollectionViewCell.swift in Sources */ = {isa = PBXBuildFile; fileRef = 3520EF1F2A5FA86700A53B34 /* LeftAlignedCollectionViewCell.swift */; };
		3520EF232A5FB18A00A53B34 /* RibsUtil.swift in Sources */ = {isa = PBXBuildFile; fileRef = 3520EF222A5FB18A00A53B34 /* RibsUtil.swift */; };
		3520EF262A5FC40800A53B34 /* NSMutableAttributedString+.swift in Sources */ = {isa = PBXBuildFile; fileRef = 3520EF252A5FC40800A53B34 /* NSMutableAttributedString+.swift */; };
		3520EF312A74DB1C00A53B34 /* Pretendard-Light.otf in Resources */ = {isa = PBXBuildFile; fileRef = 3520EF282A74DB1B00A53B34 /* Pretendard-Light.otf */; };
		3520EF322A74DB1C00A53B34 /* Pretendard-Thin.otf in Resources */ = {isa = PBXBuildFile; fileRef = 3520EF292A74DB1B00A53B34 /* Pretendard-Thin.otf */; };
		3520EF332A74DB1C00A53B34 /* Pretendard-ExtraBold.otf in Resources */ = {isa = PBXBuildFile; fileRef = 3520EF2A2A74DB1B00A53B34 /* Pretendard-ExtraBold.otf */; };
		3520EF342A74DB1C00A53B34 /* Pretendard-Regular.otf in Resources */ = {isa = PBXBuildFile; fileRef = 3520EF2B2A74DB1B00A53B34 /* Pretendard-Regular.otf */; };
		3520EF352A74DB1C00A53B34 /* Pretendard-Bold.otf in Resources */ = {isa = PBXBuildFile; fileRef = 3520EF2C2A74DB1C00A53B34 /* Pretendard-Bold.otf */; };
		3520EF362A74DB1C00A53B34 /* Pretendard-Medium.otf in Resources */ = {isa = PBXBuildFile; fileRef = 3520EF2D2A74DB1C00A53B34 /* Pretendard-Medium.otf */; };
		3520EF372A74DB1C00A53B34 /* Pretendard-ExtraLight.otf in Resources */ = {isa = PBXBuildFile; fileRef = 3520EF2E2A74DB1C00A53B34 /* Pretendard-ExtraLight.otf */; };
		3520EF382A74DB1C00A53B34 /* Pretendard-Black.otf in Resources */ = {isa = PBXBuildFile; fileRef = 3520EF2F2A74DB1C00A53B34 /* Pretendard-Black.otf */; };
		3520EF392A74DB1C00A53B34 /* Pretendard-SemiBold.otf in Resources */ = {isa = PBXBuildFile; fileRef = 3520EF302A74DB1C00A53B34 /* Pretendard-SemiBold.otf */; };
		3520EF442A74DDA700A53B34 /* YdestreetB.otf in Resources */ = {isa = PBXBuildFile; fileRef = 3520EF422A74DDA700A53B34 /* YdestreetB.otf */; };
		3520EF452A74DDA700A53B34 /* YdestreetL.otf in Resources */ = {isa = PBXBuildFile; fileRef = 3520EF432A74DDA700A53B34 /* YdestreetL.otf */; };
		AF0D71C52A5BE6A200157758 /* AppComponent.swift in Sources */ = {isa = PBXBuildFile; fileRef = AF0D71C42A5BE6A200157758 /* AppComponent.swift */; };
		AF0D71CB2A5BE9B600157758 /* RootRouter.swift in Sources */ = {isa = PBXBuildFile; fileRef = AF0D71C72A5BE9B600157758 /* RootRouter.swift */; };
		AF0D71CC2A5BE9B600157758 /* RootViewController.swift in Sources */ = {isa = PBXBuildFile; fileRef = AF0D71C82A5BE9B600157758 /* RootViewController.swift */; };
		AF0D71CD2A5BE9B600157758 /* RootBuilder.swift in Sources */ = {isa = PBXBuildFile; fileRef = AF0D71C92A5BE9B600157758 /* RootBuilder.swift */; };
		AF0D71CE2A5BE9B600157758 /* RootInteractor.swift in Sources */ = {isa = PBXBuildFile; fileRef = AF0D71CA2A5BE9B600157758 /* RootInteractor.swift */; };
		AF0D71D52A5BEA8A00157758 /* LoggedOutRouter.swift in Sources */ = {isa = PBXBuildFile; fileRef = AF0D71D12A5BEA8A00157758 /* LoggedOutRouter.swift */; };
		AF0D71D62A5BEA8A00157758 /* LoggedOutViewController.swift in Sources */ = {isa = PBXBuildFile; fileRef = AF0D71D22A5BEA8A00157758 /* LoggedOutViewController.swift */; };
		AF0D71D72A5BEA8A00157758 /* LoggedOutBuilder.swift in Sources */ = {isa = PBXBuildFile; fileRef = AF0D71D32A5BEA8A00157758 /* LoggedOutBuilder.swift */; };
		AF0D71D82A5BEA8A00157758 /* LoggedOutInteractor.swift in Sources */ = {isa = PBXBuildFile; fileRef = AF0D71D42A5BEA8A00157758 /* LoggedOutInteractor.swift */; };
		AF0D71DA2A5BEEAD00157758 /* RootComponent+LoggedOut.swift in Sources */ = {isa = PBXBuildFile; fileRef = AF0D71D92A5BEEAD00157758 /* RootComponent+LoggedOut.swift */; };
		AF0D71DE2A5BEF7B00157758 /* LoggedInRouter.swift in Sources */ = {isa = PBXBuildFile; fileRef = AF0D71DB2A5BEF7B00157758 /* LoggedInRouter.swift */; };
		AF0D71DF2A5BEF7B00157758 /* LoggedInBuilder.swift in Sources */ = {isa = PBXBuildFile; fileRef = AF0D71DC2A5BEF7B00157758 /* LoggedInBuilder.swift */; };
		AF0D71E02A5BEF7B00157758 /* LoggedInInteractor.swift in Sources */ = {isa = PBXBuildFile; fileRef = AF0D71DD2A5BEF7B00157758 /* LoggedInInteractor.swift */; };
		AF0D71E62A5BEFB800157758 /* MainRouter.swift in Sources */ = {isa = PBXBuildFile; fileRef = AF0D71E22A5BEFB800157758 /* MainRouter.swift */; };
		AF0D71E82A5BEFB800157758 /* MainBuilder.swift in Sources */ = {isa = PBXBuildFile; fileRef = AF0D71E42A5BEFB800157758 /* MainBuilder.swift */; };
		AF0D71E92A5BEFB800157758 /* MainInteractor.swift in Sources */ = {isa = PBXBuildFile; fileRef = AF0D71E52A5BEFB800157758 /* MainInteractor.swift */; };
		AF0D71EB2A5BF02700157758 /* RootComponent+LoggedIn.swift in Sources */ = {isa = PBXBuildFile; fileRef = AF0D71EA2A5BF02700157758 /* RootComponent+LoggedIn.swift */; };
		AF18E2DF2A68EEB100C54490 /* Console.swift in Sources */ = {isa = PBXBuildFile; fileRef = AF18E2DE2A68EEB100C54490 /* Console.swift */; };
		AF18E2E22A69012D00C54490 /* EditSentenceTransitioningDelegate.swift in Sources */ = {isa = PBXBuildFile; fileRef = AF18E2E12A69012D00C54490 /* EditSentenceTransitioningDelegate.swift */; };
		AF18E2E42A69015300C54490 /* EditSentencePresentationController.swift in Sources */ = {isa = PBXBuildFile; fileRef = AF18E2E32A69015300C54490 /* EditSentencePresentationController.swift */; };
		AF1945172A5C407500B9FFA1 /* Constant.swift in Sources */ = {isa = PBXBuildFile; fileRef = AF1945162A5C407500B9FFA1 /* Constant.swift */; };
		AF1D32AD2A680CC700980F14 /* PhotoPickerRouter.swift in Sources */ = {isa = PBXBuildFile; fileRef = AF1D32A92A680CC700980F14 /* PhotoPickerRouter.swift */; };
		AF1D32AE2A680CC700980F14 /* PhotoPickerViewController.swift in Sources */ = {isa = PBXBuildFile; fileRef = AF1D32AA2A680CC700980F14 /* PhotoPickerViewController.swift */; };
		AF1D32AF2A680CC700980F14 /* PhotoPickerBuilder.swift in Sources */ = {isa = PBXBuildFile; fileRef = AF1D32AB2A680CC700980F14 /* PhotoPickerBuilder.swift */; };
		AF1D32B02A680CC700980F14 /* PhotoPickerInteractor.swift in Sources */ = {isa = PBXBuildFile; fileRef = AF1D32AC2A680CC700980F14 /* PhotoPickerInteractor.swift */; };
		AF3122772A977BEA00262088 /* SelectTagRouter.swift in Sources */ = {isa = PBXBuildFile; fileRef = AF3122732A977BEA00262088 /* SelectTagRouter.swift */; };
		AF3122782A977BEA00262088 /* SelectTagViewController.swift in Sources */ = {isa = PBXBuildFile; fileRef = AF3122742A977BEA00262088 /* SelectTagViewController.swift */; };
		AF3122792A977BEA00262088 /* SelectTagBuilder.swift in Sources */ = {isa = PBXBuildFile; fileRef = AF3122752A977BEA00262088 /* SelectTagBuilder.swift */; };
		AF31227A2A977BEA00262088 /* SelectTagInteractor.swift in Sources */ = {isa = PBXBuildFile; fileRef = AF3122762A977BEA00262088 /* SelectTagInteractor.swift */; };
		AF31227D2A9780E900262088 /* Accordion.swift in Sources */ = {isa = PBXBuildFile; fileRef = AF31227C2A9780E900262088 /* Accordion.swift */; };
		AF4A19112A6A1E4B00932372 /* PhotoCell.swift in Sources */ = {isa = PBXBuildFile; fileRef = AF4A19102A6A1E4B00932372 /* PhotoCell.swift */; };
		AF4A19132A6A59BB00932372 /* UIImageView+.swift in Sources */ = {isa = PBXBuildFile; fileRef = AF4A19122A6A59BA00932372 /* UIImageView+.swift */; };
		AFB4BDC52A4093DC008BA9E0 /* AppDelegate.swift in Sources */ = {isa = PBXBuildFile; fileRef = AFB4BDC42A4093DC008BA9E0 /* AppDelegate.swift */; };
		AFB4BDC72A4093DC008BA9E0 /* SceneDelegate.swift in Sources */ = {isa = PBXBuildFile; fileRef = AFB4BDC62A4093DC008BA9E0 /* SceneDelegate.swift */; };
		AFB4BDCE2A4093DD008BA9E0 /* Assets.xcassets in Resources */ = {isa = PBXBuildFile; fileRef = AFB4BDCD2A4093DD008BA9E0 /* Assets.xcassets */; };
		AFB4BDD12A4093DD008BA9E0 /* LaunchScreen.storyboard in Resources */ = {isa = PBXBuildFile; fileRef = AFB4BDCF2A4093DD008BA9E0 /* LaunchScreen.storyboard */; };
		AFBB5F452A66AA99002416DA /* HomeRouter.swift in Sources */ = {isa = PBXBuildFile; fileRef = AFBB5F412A66AA99002416DA /* HomeRouter.swift */; };
		AFBB5F462A66AA99002416DA /* HomeViewController.swift in Sources */ = {isa = PBXBuildFile; fileRef = AFBB5F422A66AA99002416DA /* HomeViewController.swift */; };
		AFBB5F472A66AA99002416DA /* HomeBuilder.swift in Sources */ = {isa = PBXBuildFile; fileRef = AFBB5F432A66AA99002416DA /* HomeBuilder.swift */; };
		AFBB5F482A66AA99002416DA /* HomeInteractor.swift in Sources */ = {isa = PBXBuildFile; fileRef = AFBB5F442A66AA99002416DA /* HomeInteractor.swift */; };
		AFBB5F4E2A66AAB0002416DA /* ExploreRouter.swift in Sources */ = {isa = PBXBuildFile; fileRef = AFBB5F4A2A66AAB0002416DA /* ExploreRouter.swift */; };
		AFBB5F4F2A66AAB0002416DA /* ExploreViewController.swift in Sources */ = {isa = PBXBuildFile; fileRef = AFBB5F4B2A66AAB0002416DA /* ExploreViewController.swift */; };
		AFBB5F502A66AAB0002416DA /* ExploreBuilder.swift in Sources */ = {isa = PBXBuildFile; fileRef = AFBB5F4C2A66AAB0002416DA /* ExploreBuilder.swift */; };
		AFBB5F512A66AAB0002416DA /* ExploreInteractor.swift in Sources */ = {isa = PBXBuildFile; fileRef = AFBB5F4D2A66AAB0002416DA /* ExploreInteractor.swift */; };
		AFBB5F602A66AAD7002416DA /* MyPageRouter.swift in Sources */ = {isa = PBXBuildFile; fileRef = AFBB5F5C2A66AAD7002416DA /* MyPageRouter.swift */; };
		AFBB5F612A66AAD7002416DA /* MyPageViewController.swift in Sources */ = {isa = PBXBuildFile; fileRef = AFBB5F5D2A66AAD7002416DA /* MyPageViewController.swift */; };
		AFBB5F622A66AAD7002416DA /* MyPageBuilder.swift in Sources */ = {isa = PBXBuildFile; fileRef = AFBB5F5E2A66AAD7002416DA /* MyPageBuilder.swift */; };
		AFBB5F632A66AAD7002416DA /* MyPageInteractor.swift in Sources */ = {isa = PBXBuildFile; fileRef = AFBB5F5F2A66AAD7002416DA /* MyPageInteractor.swift */; };
		AFBB5F682A66ABBF002416DA /* SearchRouter.swift in Sources */ = {isa = PBXBuildFile; fileRef = AFBB5F642A66ABBF002416DA /* SearchRouter.swift */; };
		AFBB5F692A66ABBF002416DA /* SearchViewController.swift in Sources */ = {isa = PBXBuildFile; fileRef = AFBB5F652A66ABBF002416DA /* SearchViewController.swift */; };
		AFBB5F6A2A66ABBF002416DA /* SearchBuilder.swift in Sources */ = {isa = PBXBuildFile; fileRef = AFBB5F662A66ABBF002416DA /* SearchBuilder.swift */; };
		AFBB5F6B2A66ABBF002416DA /* SearchInteractor.swift in Sources */ = {isa = PBXBuildFile; fileRef = AFBB5F672A66ABBF002416DA /* SearchInteractor.swift */; };
		AFBB5F6D2A66B5C1002416DA /* UIViewController+.swift in Sources */ = {isa = PBXBuildFile; fileRef = AFBB5F6C2A66B5C1002416DA /* UIViewController+.swift */; };
		AFBB5F742A66B65D002416DA /* SelectSentenceRouter.swift in Sources */ = {isa = PBXBuildFile; fileRef = AFBB5F702A66B65D002416DA /* SelectSentenceRouter.swift */; };
		AFBB5F752A66B65D002416DA /* SelectSentenceViewController.swift in Sources */ = {isa = PBXBuildFile; fileRef = AFBB5F712A66B65D002416DA /* SelectSentenceViewController.swift */; };
		AFBB5F762A66B65D002416DA /* SelectSentenceBuilder.swift in Sources */ = {isa = PBXBuildFile; fileRef = AFBB5F722A66B65D002416DA /* SelectSentenceBuilder.swift */; };
		AFBB5F772A66B65D002416DA /* SelectSentenceInteractor.swift in Sources */ = {isa = PBXBuildFile; fileRef = AFBB5F732A66B65D002416DA /* SelectSentenceInteractor.swift */; };
		AFBB5F7C2A66B66B002416DA /* EditSentenceRouter.swift in Sources */ = {isa = PBXBuildFile; fileRef = AFBB5F782A66B66B002416DA /* EditSentenceRouter.swift */; };
		AFBB5F7D2A66B66B002416DA /* EditSentenceViewController.swift in Sources */ = {isa = PBXBuildFile; fileRef = AFBB5F792A66B66B002416DA /* EditSentenceViewController.swift */; };
		AFBB5F7E2A66B66B002416DA /* EditSentenceBuilder.swift in Sources */ = {isa = PBXBuildFile; fileRef = AFBB5F7A2A66B66B002416DA /* EditSentenceBuilder.swift */; };
		AFBB5F7F2A66B66B002416DA /* EditSentenceInteractor.swift in Sources */ = {isa = PBXBuildFile; fileRef = AFBB5F7B2A66B66B002416DA /* EditSentenceInteractor.swift */; };
		AFBD9BC52A715FBC0076A404 /* UIColor+ParticleColor.swift in Sources */ = {isa = PBXBuildFile; fileRef = AFBD9BC42A715FBC0076A404 /* UIColor+ParticleColor.swift */; };
		AFCAB6C82A5C521800E2310D /* AddArticleRouter.swift in Sources */ = {isa = PBXBuildFile; fileRef = AFCAB6C42A5C521800E2310D /* AddArticleRouter.swift */; };
		AFCAB6CA2A5C521800E2310D /* AddArticleBuilder.swift in Sources */ = {isa = PBXBuildFile; fileRef = AFCAB6C62A5C521800E2310D /* AddArticleBuilder.swift */; };
		AFCAB6CB2A5C521800E2310D /* AddArticleInteractor.swift in Sources */ = {isa = PBXBuildFile; fileRef = AFCAB6C72A5C521800E2310D /* AddArticleInteractor.swift */; };
		AFE885F52A5C26EC001EF2C0 /* MainTabBarController.swift in Sources */ = {isa = PBXBuildFile; fileRef = AFE885F42A5C26EC001EF2C0 /* MainTabBarController.swift */; };
		AFE885F82A5C29F7001EF2C0 /* Color+.swift in Sources */ = {isa = PBXBuildFile; fileRef = AFE885F72A5C29F7001EF2C0 /* Color+.swift */; };
		AFFAEBE62A8CFBBA009EC03B /* UIFont+ParticleFont.swift in Sources */ = {isa = PBXBuildFile; fileRef = AFFAEBE52A8CFBBA009EC03B /* UIFont+ParticleFont.swift */; };
		B1CF9FD70DAD1AF6216BEB95 /* Pods_Particle.framework in Frameworks */ = {isa = PBXBuildFile; fileRef = 20FAF13101BAEDC5C9A046BE /* Pods_Particle.framework */; };
/* End PBXBuildFile section */

/* Begin PBXFileReference section */
		20FAF13101BAEDC5C9A046BE /* Pods_Particle.framework */ = {isa = PBXFileReference; explicitFileType = wrapper.framework; includeInIndex = 0; path = Pods_Particle.framework; sourceTree = BUILT_PRODUCTS_DIR; };
		2C51D4FA6C13FD019C43C14F /* Pods-Particle.release.xcconfig */ = {isa = PBXFileReference; includeInIndex = 1; lastKnownFileType = text.xcconfig; name = "Pods-Particle.release.xcconfig"; path = "Target Support Files/Pods-Particle/Pods-Particle.release.xcconfig"; sourceTree = "<group>"; };
		3520EEEE2A5CD3C000A53B34 /* OrganizingSentenceRouter.swift */ = {isa = PBXFileReference; lastKnownFileType = sourcecode.swift; path = OrganizingSentenceRouter.swift; sourceTree = "<group>"; };
		3520EEEF2A5CD3C000A53B34 /* OrganizingSentenceViewController.swift */ = {isa = PBXFileReference; lastKnownFileType = sourcecode.swift; path = OrganizingSentenceViewController.swift; sourceTree = "<group>"; };
		3520EEF02A5CD3C000A53B34 /* OrganizingSentenceBuilder.swift */ = {isa = PBXFileReference; lastKnownFileType = sourcecode.swift; path = OrganizingSentenceBuilder.swift; sourceTree = "<group>"; };
		3520EEF12A5CD3C000A53B34 /* OrganizingSentenceInteractor.swift */ = {isa = PBXFileReference; lastKnownFileType = sourcecode.swift; path = OrganizingSentenceInteractor.swift; sourceTree = "<group>"; };
		3520EEF92A5CD57800A53B34 /* SentenceTableViewCell.swift */ = {isa = PBXFileReference; lastKnownFileType = sourcecode.swift; path = SentenceTableViewCell.swift; sourceTree = "<group>"; };
		3520EEFB2A5D5F7D00A53B34 /* ReusableCell.swift */ = {isa = PBXFileReference; lastKnownFileType = sourcecode.swift; path = ReusableCell.swift; sourceTree = "<group>"; };
		3520EEFD2A5E623D00A53B34 /* PaddingLabel.swift */ = {isa = PBXFileReference; lastKnownFileType = sourcecode.swift; path = PaddingLabel.swift; sourceTree = "<group>"; };
		3520EF002A5E697000A53B34 /* OrganizingSentenceViewModel.swift */ = {isa = PBXFileReference; lastKnownFileType = sourcecode.swift; path = OrganizingSentenceViewModel.swift; sourceTree = "<group>"; };
		3520EF032A5E6F9C00A53B34 /* OrganizingSentenceRepository.swift */ = {isa = PBXFileReference; lastKnownFileType = sourcecode.swift; path = OrganizingSentenceRepository.swift; sourceTree = "<group>"; };
		3520EF072A5E8F3400A53B34 /* UIImage+ParticleImage.swift */ = {isa = PBXFileReference; lastKnownFileType = sourcecode.swift; path = "UIImage+ParticleImage.swift"; sourceTree = "<group>"; };
		3520EF122A5E91A900A53B34 /* SetAdditionalInformationRouter.swift */ = {isa = PBXFileReference; lastKnownFileType = sourcecode.swift; path = SetAdditionalInformationRouter.swift; sourceTree = "<group>"; };
		3520EF132A5E91A900A53B34 /* SetAdditionalInformationViewController.swift */ = {isa = PBXFileReference; lastKnownFileType = sourcecode.swift; path = SetAdditionalInformationViewController.swift; sourceTree = "<group>"; };
		3520EF142A5E91A900A53B34 /* SetAdditionalInformationBuilder.swift */ = {isa = PBXFileReference; lastKnownFileType = sourcecode.swift; path = SetAdditionalInformationBuilder.swift; sourceTree = "<group>"; };
		3520EF152A5E91A900A53B34 /* SetAdditionalInformationInteractor.swift */ = {isa = PBXFileReference; lastKnownFileType = sourcecode.swift; path = SetAdditionalInformationInteractor.swift; sourceTree = "<group>"; };
		3520EF1B2A5FA80F00A53B34 /* LeftAlignedCollectionViewFlowLayout.swift */ = {isa = PBXFileReference; lastKnownFileType = sourcecode.swift; path = LeftAlignedCollectionViewFlowLayout.swift; sourceTree = "<group>"; };
		3520EF1D2A5FA83600A53B34 /* DynamicHeightCollectionView.swift */ = {isa = PBXFileReference; lastKnownFileType = sourcecode.swift; path = DynamicHeightCollectionView.swift; sourceTree = "<group>"; };
		3520EF1F2A5FA86700A53B34 /* LeftAlignedCollectionViewCell.swift */ = {isa = PBXFileReference; lastKnownFileType = sourcecode.swift; path = LeftAlignedCollectionViewCell.swift; sourceTree = "<group>"; };
		3520EF222A5FB18A00A53B34 /* RibsUtil.swift */ = {isa = PBXFileReference; lastKnownFileType = sourcecode.swift; path = RibsUtil.swift; sourceTree = "<group>"; };
		3520EF252A5FC40800A53B34 /* NSMutableAttributedString+.swift */ = {isa = PBXFileReference; lastKnownFileType = sourcecode.swift; path = "NSMutableAttributedString+.swift"; sourceTree = "<group>"; };
		3520EF282A74DB1B00A53B34 /* Pretendard-Light.otf */ = {isa = PBXFileReference; lastKnownFileType = file; path = "Pretendard-Light.otf"; sourceTree = "<group>"; };
		3520EF292A74DB1B00A53B34 /* Pretendard-Thin.otf */ = {isa = PBXFileReference; lastKnownFileType = file; path = "Pretendard-Thin.otf"; sourceTree = "<group>"; };
		3520EF2A2A74DB1B00A53B34 /* Pretendard-ExtraBold.otf */ = {isa = PBXFileReference; lastKnownFileType = file; path = "Pretendard-ExtraBold.otf"; sourceTree = "<group>"; };
		3520EF2B2A74DB1B00A53B34 /* Pretendard-Regular.otf */ = {isa = PBXFileReference; lastKnownFileType = file; path = "Pretendard-Regular.otf"; sourceTree = "<group>"; };
		3520EF2C2A74DB1C00A53B34 /* Pretendard-Bold.otf */ = {isa = PBXFileReference; lastKnownFileType = file; path = "Pretendard-Bold.otf"; sourceTree = "<group>"; };
		3520EF2D2A74DB1C00A53B34 /* Pretendard-Medium.otf */ = {isa = PBXFileReference; lastKnownFileType = file; path = "Pretendard-Medium.otf"; sourceTree = "<group>"; };
		3520EF2E2A74DB1C00A53B34 /* Pretendard-ExtraLight.otf */ = {isa = PBXFileReference; lastKnownFileType = file; path = "Pretendard-ExtraLight.otf"; sourceTree = "<group>"; };
		3520EF2F2A74DB1C00A53B34 /* Pretendard-Black.otf */ = {isa = PBXFileReference; lastKnownFileType = file; path = "Pretendard-Black.otf"; sourceTree = "<group>"; };
		3520EF302A74DB1C00A53B34 /* Pretendard-SemiBold.otf */ = {isa = PBXFileReference; lastKnownFileType = file; path = "Pretendard-SemiBold.otf"; sourceTree = "<group>"; };
		3520EF422A74DDA700A53B34 /* YdestreetB.otf */ = {isa = PBXFileReference; lastKnownFileType = file; path = YdestreetB.otf; sourceTree = "<group>"; };
		3520EF432A74DDA700A53B34 /* YdestreetL.otf */ = {isa = PBXFileReference; lastKnownFileType = file; path = YdestreetL.otf; sourceTree = "<group>"; };
		AF0D71C42A5BE6A200157758 /* AppComponent.swift */ = {isa = PBXFileReference; lastKnownFileType = sourcecode.swift; path = AppComponent.swift; sourceTree = "<group>"; };
		AF0D71C72A5BE9B600157758 /* RootRouter.swift */ = {isa = PBXFileReference; lastKnownFileType = sourcecode.swift; path = RootRouter.swift; sourceTree = "<group>"; };
		AF0D71C82A5BE9B600157758 /* RootViewController.swift */ = {isa = PBXFileReference; lastKnownFileType = sourcecode.swift; path = RootViewController.swift; sourceTree = "<group>"; };
		AF0D71C92A5BE9B600157758 /* RootBuilder.swift */ = {isa = PBXFileReference; lastKnownFileType = sourcecode.swift; path = RootBuilder.swift; sourceTree = "<group>"; };
		AF0D71CA2A5BE9B600157758 /* RootInteractor.swift */ = {isa = PBXFileReference; lastKnownFileType = sourcecode.swift; path = RootInteractor.swift; sourceTree = "<group>"; };
		AF0D71D12A5BEA8A00157758 /* LoggedOutRouter.swift */ = {isa = PBXFileReference; lastKnownFileType = sourcecode.swift; path = LoggedOutRouter.swift; sourceTree = "<group>"; };
		AF0D71D22A5BEA8A00157758 /* LoggedOutViewController.swift */ = {isa = PBXFileReference; lastKnownFileType = sourcecode.swift; path = LoggedOutViewController.swift; sourceTree = "<group>"; };
		AF0D71D32A5BEA8A00157758 /* LoggedOutBuilder.swift */ = {isa = PBXFileReference; lastKnownFileType = sourcecode.swift; path = LoggedOutBuilder.swift; sourceTree = "<group>"; };
		AF0D71D42A5BEA8A00157758 /* LoggedOutInteractor.swift */ = {isa = PBXFileReference; lastKnownFileType = sourcecode.swift; path = LoggedOutInteractor.swift; sourceTree = "<group>"; };
		AF0D71D92A5BEEAD00157758 /* RootComponent+LoggedOut.swift */ = {isa = PBXFileReference; lastKnownFileType = sourcecode.swift; path = "RootComponent+LoggedOut.swift"; sourceTree = "<group>"; };
		AF0D71DB2A5BEF7B00157758 /* LoggedInRouter.swift */ = {isa = PBXFileReference; lastKnownFileType = sourcecode.swift; path = LoggedInRouter.swift; sourceTree = "<group>"; };
		AF0D71DC2A5BEF7B00157758 /* LoggedInBuilder.swift */ = {isa = PBXFileReference; lastKnownFileType = sourcecode.swift; path = LoggedInBuilder.swift; sourceTree = "<group>"; };
		AF0D71DD2A5BEF7B00157758 /* LoggedInInteractor.swift */ = {isa = PBXFileReference; lastKnownFileType = sourcecode.swift; path = LoggedInInteractor.swift; sourceTree = "<group>"; };
		AF0D71E22A5BEFB800157758 /* MainRouter.swift */ = {isa = PBXFileReference; lastKnownFileType = sourcecode.swift; path = MainRouter.swift; sourceTree = "<group>"; };
		AF0D71E42A5BEFB800157758 /* MainBuilder.swift */ = {isa = PBXFileReference; lastKnownFileType = sourcecode.swift; path = MainBuilder.swift; sourceTree = "<group>"; };
		AF0D71E52A5BEFB800157758 /* MainInteractor.swift */ = {isa = PBXFileReference; lastKnownFileType = sourcecode.swift; path = MainInteractor.swift; sourceTree = "<group>"; };
		AF0D71EA2A5BF02700157758 /* RootComponent+LoggedIn.swift */ = {isa = PBXFileReference; lastKnownFileType = sourcecode.swift; path = "RootComponent+LoggedIn.swift"; sourceTree = "<group>"; };
		AF18E2DE2A68EEB100C54490 /* Console.swift */ = {isa = PBXFileReference; lastKnownFileType = sourcecode.swift; path = Console.swift; sourceTree = "<group>"; };
		AF18E2E12A69012D00C54490 /* EditSentenceTransitioningDelegate.swift */ = {isa = PBXFileReference; lastKnownFileType = sourcecode.swift; path = EditSentenceTransitioningDelegate.swift; sourceTree = "<group>"; };
		AF18E2E32A69015300C54490 /* EditSentencePresentationController.swift */ = {isa = PBXFileReference; lastKnownFileType = sourcecode.swift; path = EditSentencePresentationController.swift; sourceTree = "<group>"; };
		AF1945162A5C407500B9FFA1 /* Constant.swift */ = {isa = PBXFileReference; lastKnownFileType = sourcecode.swift; path = Constant.swift; sourceTree = "<group>"; };
		AF1D32A92A680CC700980F14 /* PhotoPickerRouter.swift */ = {isa = PBXFileReference; lastKnownFileType = sourcecode.swift; path = PhotoPickerRouter.swift; sourceTree = "<group>"; };
		AF1D32AA2A680CC700980F14 /* PhotoPickerViewController.swift */ = {isa = PBXFileReference; lastKnownFileType = sourcecode.swift; path = PhotoPickerViewController.swift; sourceTree = "<group>"; };
		AF1D32AB2A680CC700980F14 /* PhotoPickerBuilder.swift */ = {isa = PBXFileReference; lastKnownFileType = sourcecode.swift; path = PhotoPickerBuilder.swift; sourceTree = "<group>"; };
		AF1D32AC2A680CC700980F14 /* PhotoPickerInteractor.swift */ = {isa = PBXFileReference; lastKnownFileType = sourcecode.swift; path = PhotoPickerInteractor.swift; sourceTree = "<group>"; };
		AF3122732A977BEA00262088 /* SelectTagRouter.swift */ = {isa = PBXFileReference; lastKnownFileType = sourcecode.swift; path = SelectTagRouter.swift; sourceTree = "<group>"; };
		AF3122742A977BEA00262088 /* SelectTagViewController.swift */ = {isa = PBXFileReference; lastKnownFileType = sourcecode.swift; path = SelectTagViewController.swift; sourceTree = "<group>"; };
		AF3122752A977BEA00262088 /* SelectTagBuilder.swift */ = {isa = PBXFileReference; lastKnownFileType = sourcecode.swift; path = SelectTagBuilder.swift; sourceTree = "<group>"; };
		AF3122762A977BEA00262088 /* SelectTagInteractor.swift */ = {isa = PBXFileReference; lastKnownFileType = sourcecode.swift; path = SelectTagInteractor.swift; sourceTree = "<group>"; };
		AF31227C2A9780E900262088 /* Accordion.swift */ = {isa = PBXFileReference; lastKnownFileType = sourcecode.swift; path = Accordion.swift; sourceTree = "<group>"; };
		AF4A19102A6A1E4B00932372 /* PhotoCell.swift */ = {isa = PBXFileReference; lastKnownFileType = sourcecode.swift; path = PhotoCell.swift; sourceTree = "<group>"; };
		AF4A19122A6A59BA00932372 /* UIImageView+.swift */ = {isa = PBXFileReference; lastKnownFileType = sourcecode.swift; path = "UIImageView+.swift"; sourceTree = "<group>"; };
		AF59F9B22A9CD39B00C4ABFD /* Particle.entitlements */ = {isa = PBXFileReference; lastKnownFileType = text.plist.entitlements; path = Particle.entitlements; sourceTree = "<group>"; };
		AFB4BDC12A4093DC008BA9E0 /* Particle.app */ = {isa = PBXFileReference; explicitFileType = wrapper.application; includeInIndex = 0; path = Particle.app; sourceTree = BUILT_PRODUCTS_DIR; };
		AFB4BDC42A4093DC008BA9E0 /* AppDelegate.swift */ = {isa = PBXFileReference; lastKnownFileType = sourcecode.swift; path = AppDelegate.swift; sourceTree = "<group>"; };
		AFB4BDC62A4093DC008BA9E0 /* SceneDelegate.swift */ = {isa = PBXFileReference; lastKnownFileType = sourcecode.swift; path = SceneDelegate.swift; sourceTree = "<group>"; };
		AFB4BDCD2A4093DD008BA9E0 /* Assets.xcassets */ = {isa = PBXFileReference; lastKnownFileType = folder.assetcatalog; path = Assets.xcassets; sourceTree = "<group>"; };
		AFB4BDD02A4093DD008BA9E0 /* Base */ = {isa = PBXFileReference; lastKnownFileType = file.storyboard; name = Base; path = Base.lproj/LaunchScreen.storyboard; sourceTree = "<group>"; };
		AFB4BDD22A4093DD008BA9E0 /* Info.plist */ = {isa = PBXFileReference; lastKnownFileType = text.plist.xml; path = Info.plist; sourceTree = "<group>"; };
		AFBB5F412A66AA99002416DA /* HomeRouter.swift */ = {isa = PBXFileReference; lastKnownFileType = sourcecode.swift; path = HomeRouter.swift; sourceTree = "<group>"; };
		AFBB5F422A66AA99002416DA /* HomeViewController.swift */ = {isa = PBXFileReference; lastKnownFileType = sourcecode.swift; path = HomeViewController.swift; sourceTree = "<group>"; };
		AFBB5F432A66AA99002416DA /* HomeBuilder.swift */ = {isa = PBXFileReference; lastKnownFileType = sourcecode.swift; path = HomeBuilder.swift; sourceTree = "<group>"; };
		AFBB5F442A66AA99002416DA /* HomeInteractor.swift */ = {isa = PBXFileReference; lastKnownFileType = sourcecode.swift; path = HomeInteractor.swift; sourceTree = "<group>"; };
		AFBB5F4A2A66AAB0002416DA /* ExploreRouter.swift */ = {isa = PBXFileReference; lastKnownFileType = sourcecode.swift; path = ExploreRouter.swift; sourceTree = "<group>"; };
		AFBB5F4B2A66AAB0002416DA /* ExploreViewController.swift */ = {isa = PBXFileReference; lastKnownFileType = sourcecode.swift; path = ExploreViewController.swift; sourceTree = "<group>"; };
		AFBB5F4C2A66AAB0002416DA /* ExploreBuilder.swift */ = {isa = PBXFileReference; lastKnownFileType = sourcecode.swift; path = ExploreBuilder.swift; sourceTree = "<group>"; };
		AFBB5F4D2A66AAB0002416DA /* ExploreInteractor.swift */ = {isa = PBXFileReference; lastKnownFileType = sourcecode.swift; path = ExploreInteractor.swift; sourceTree = "<group>"; };
		AFBB5F5C2A66AAD7002416DA /* MyPageRouter.swift */ = {isa = PBXFileReference; lastKnownFileType = sourcecode.swift; path = MyPageRouter.swift; sourceTree = "<group>"; };
		AFBB5F5D2A66AAD7002416DA /* MyPageViewController.swift */ = {isa = PBXFileReference; lastKnownFileType = sourcecode.swift; path = MyPageViewController.swift; sourceTree = "<group>"; };
		AFBB5F5E2A66AAD7002416DA /* MyPageBuilder.swift */ = {isa = PBXFileReference; lastKnownFileType = sourcecode.swift; path = MyPageBuilder.swift; sourceTree = "<group>"; };
		AFBB5F5F2A66AAD7002416DA /* MyPageInteractor.swift */ = {isa = PBXFileReference; lastKnownFileType = sourcecode.swift; path = MyPageInteractor.swift; sourceTree = "<group>"; };
		AFBB5F642A66ABBF002416DA /* SearchRouter.swift */ = {isa = PBXFileReference; lastKnownFileType = sourcecode.swift; path = SearchRouter.swift; sourceTree = "<group>"; };
		AFBB5F652A66ABBF002416DA /* SearchViewController.swift */ = {isa = PBXFileReference; lastKnownFileType = sourcecode.swift; path = SearchViewController.swift; sourceTree = "<group>"; };
		AFBB5F662A66ABBF002416DA /* SearchBuilder.swift */ = {isa = PBXFileReference; lastKnownFileType = sourcecode.swift; path = SearchBuilder.swift; sourceTree = "<group>"; };
		AFBB5F672A66ABBF002416DA /* SearchInteractor.swift */ = {isa = PBXFileReference; lastKnownFileType = sourcecode.swift; path = SearchInteractor.swift; sourceTree = "<group>"; };
		AFBB5F6C2A66B5C1002416DA /* UIViewController+.swift */ = {isa = PBXFileReference; lastKnownFileType = sourcecode.swift; path = "UIViewController+.swift"; sourceTree = "<group>"; };
		AFBB5F702A66B65D002416DA /* SelectSentenceRouter.swift */ = {isa = PBXFileReference; lastKnownFileType = sourcecode.swift; path = SelectSentenceRouter.swift; sourceTree = "<group>"; };
		AFBB5F712A66B65D002416DA /* SelectSentenceViewController.swift */ = {isa = PBXFileReference; lastKnownFileType = sourcecode.swift; path = SelectSentenceViewController.swift; sourceTree = "<group>"; };
		AFBB5F722A66B65D002416DA /* SelectSentenceBuilder.swift */ = {isa = PBXFileReference; lastKnownFileType = sourcecode.swift; path = SelectSentenceBuilder.swift; sourceTree = "<group>"; };
		AFBB5F732A66B65D002416DA /* SelectSentenceInteractor.swift */ = {isa = PBXFileReference; lastKnownFileType = sourcecode.swift; path = SelectSentenceInteractor.swift; sourceTree = "<group>"; };
		AFBB5F782A66B66B002416DA /* EditSentenceRouter.swift */ = {isa = PBXFileReference; lastKnownFileType = sourcecode.swift; path = EditSentenceRouter.swift; sourceTree = "<group>"; };
		AFBB5F792A66B66B002416DA /* EditSentenceViewController.swift */ = {isa = PBXFileReference; lastKnownFileType = sourcecode.swift; path = EditSentenceViewController.swift; sourceTree = "<group>"; };
		AFBB5F7A2A66B66B002416DA /* EditSentenceBuilder.swift */ = {isa = PBXFileReference; lastKnownFileType = sourcecode.swift; path = EditSentenceBuilder.swift; sourceTree = "<group>"; };
		AFBB5F7B2A66B66B002416DA /* EditSentenceInteractor.swift */ = {isa = PBXFileReference; lastKnownFileType = sourcecode.swift; path = EditSentenceInteractor.swift; sourceTree = "<group>"; };
		AFBD9BC42A715FBC0076A404 /* UIColor+ParticleColor.swift */ = {isa = PBXFileReference; lastKnownFileType = sourcecode.swift; path = "UIColor+ParticleColor.swift"; sourceTree = "<group>"; };
		AFCAB6C42A5C521800E2310D /* AddArticleRouter.swift */ = {isa = PBXFileReference; lastKnownFileType = sourcecode.swift; path = AddArticleRouter.swift; sourceTree = "<group>"; };
		AFCAB6C62A5C521800E2310D /* AddArticleBuilder.swift */ = {isa = PBXFileReference; lastKnownFileType = sourcecode.swift; path = AddArticleBuilder.swift; sourceTree = "<group>"; };
		AFCAB6C72A5C521800E2310D /* AddArticleInteractor.swift */ = {isa = PBXFileReference; lastKnownFileType = sourcecode.swift; path = AddArticleInteractor.swift; sourceTree = "<group>"; };
		AFE885F42A5C26EC001EF2C0 /* MainTabBarController.swift */ = {isa = PBXFileReference; lastKnownFileType = sourcecode.swift; path = MainTabBarController.swift; sourceTree = "<group>"; };
		AFE885F72A5C29F7001EF2C0 /* Color+.swift */ = {isa = PBXFileReference; lastKnownFileType = sourcecode.swift; path = "Color+.swift"; sourceTree = "<group>"; };
		AFFAEBE52A8CFBBA009EC03B /* UIFont+ParticleFont.swift */ = {isa = PBXFileReference; fileEncoding = 4; lastKnownFileType = sourcecode.swift; path = "UIFont+ParticleFont.swift"; sourceTree = "<group>"; };
		B85199DB8EE46F1BAC5B9045 /* Pods-Particle.debug.xcconfig */ = {isa = PBXFileReference; includeInIndex = 1; lastKnownFileType = text.xcconfig; name = "Pods-Particle.debug.xcconfig"; path = "Target Support Files/Pods-Particle/Pods-Particle.debug.xcconfig"; sourceTree = "<group>"; };
/* End PBXFileReference section */

/* Begin PBXFrameworksBuildPhase section */
		AFB4BDBE2A4093DC008BA9E0 /* Frameworks */ = {
			isa = PBXFrameworksBuildPhase;
			buildActionMask = 2147483647;
			files = (
				B1CF9FD70DAD1AF6216BEB95 /* Pods_Particle.framework in Frameworks */,
			);
			runOnlyForDeploymentPostprocessing = 0;
		};
/* End PBXFrameworksBuildPhase section */

/* Begin PBXGroup section */
		3520EEF72A5CD3CE00A53B34 /* OrganizingSenctence */ = {
			isa = PBXGroup;
			children = (
				3520EEF82A5CD56600A53B34 /* View */,
				3520EEEE2A5CD3C000A53B34 /* OrganizingSentenceRouter.swift */,
				3520EEEF2A5CD3C000A53B34 /* OrganizingSentenceViewController.swift */,
				3520EEF02A5CD3C000A53B34 /* OrganizingSentenceBuilder.swift */,
				3520EEF12A5CD3C000A53B34 /* OrganizingSentenceInteractor.swift */,
				3520EF002A5E697000A53B34 /* OrganizingSentenceViewModel.swift */,
			);
			path = OrganizingSenctence;
			sourceTree = "<group>";
		};
		3520EEF82A5CD56600A53B34 /* View */ = {
			isa = PBXGroup;
			children = (
				3520EEF92A5CD57800A53B34 /* SentenceTableViewCell.swift */,
				3520EEFD2A5E623D00A53B34 /* PaddingLabel.swift */,
			);
			path = View;
			sourceTree = "<group>";
		};
		3520EF022A5E6F7E00A53B34 /* AddAriticleRepository */ = {
			isa = PBXGroup;
			children = (
				3520EF032A5E6F9C00A53B34 /* OrganizingSentenceRepository.swift */,
			);
			path = AddAriticleRepository;
			sourceTree = "<group>";
		};
		3520EF092A5E90C500A53B34 /* SetAdditionalInformation */ = {
			isa = PBXGroup;
			children = (
				3520EF1A2A5FA5D600A53B34 /* View */,
				3520EF122A5E91A900A53B34 /* SetAdditionalInformationRouter.swift */,
				3520EF132A5E91A900A53B34 /* SetAdditionalInformationViewController.swift */,
				3520EF142A5E91A900A53B34 /* SetAdditionalInformationBuilder.swift */,
				3520EF152A5E91A900A53B34 /* SetAdditionalInformationInteractor.swift */,
			);
			path = SetAdditionalInformation;
			sourceTree = "<group>";
		};
		3520EF1A2A5FA5D600A53B34 /* View */ = {
			isa = PBXGroup;
			children = (
				3520EF1B2A5FA80F00A53B34 /* LeftAlignedCollectionViewFlowLayout.swift */,
				3520EF1D2A5FA83600A53B34 /* DynamicHeightCollectionView.swift */,
				3520EF1F2A5FA86700A53B34 /* LeftAlignedCollectionViewCell.swift */,
			);
			path = View;
			sourceTree = "<group>";
		};
		3520EF212A5FB17800A53B34 /* Utils */ = {
			isa = PBXGroup;
			children = (
				3520EF222A5FB18A00A53B34 /* RibsUtil.swift */,
				3520EEFB2A5D5F7D00A53B34 /* ReusableCell.swift */,
				AF18E2DE2A68EEB100C54490 /* Console.swift */,
			);
			path = Utils;
			sourceTree = "<group>";
		};
		3520EF272A74DADE00A53B34 /* Fonts */ = {
			isa = PBXGroup;
			children = (
				3520EF2F2A74DB1C00A53B34 /* Pretendard-Black.otf */,
				3520EF2C2A74DB1C00A53B34 /* Pretendard-Bold.otf */,
				3520EF2A2A74DB1B00A53B34 /* Pretendard-ExtraBold.otf */,
				3520EF2E2A74DB1C00A53B34 /* Pretendard-ExtraLight.otf */,
				3520EF282A74DB1B00A53B34 /* Pretendard-Light.otf */,
				3520EF2D2A74DB1C00A53B34 /* Pretendard-Medium.otf */,
				3520EF2B2A74DB1B00A53B34 /* Pretendard-Regular.otf */,
				3520EF302A74DB1C00A53B34 /* Pretendard-SemiBold.otf */,
				3520EF292A74DB1B00A53B34 /* Pretendard-Thin.otf */,
				3520EF422A74DDA700A53B34 /* YdestreetB.otf */,
				3520EF432A74DDA700A53B34 /* YdestreetL.otf */,
			);
			path = Fonts;
			sourceTree = "<group>";
		};
		9968BF91A03407F5B3382E7B /* Pods */ = {
			isa = PBXGroup;
			children = (
				B85199DB8EE46F1BAC5B9045 /* Pods-Particle.debug.xcconfig */,
				2C51D4FA6C13FD019C43C14F /* Pods-Particle.release.xcconfig */,
			);
			path = Pods;
			sourceTree = "<group>";
		};
		A31CC1884BE19858A0362AE4 /* Frameworks */ = {
			isa = PBXGroup;
			children = (
				20FAF13101BAEDC5C9A046BE /* Pods_Particle.framework */,
			);
			name = Frameworks;
			sourceTree = "<group>";
		};
		AF0D71C62A5BE9AC00157758 /* Root */ = {
			isa = PBXGroup;
			children = (
				AF0D71C72A5BE9B600157758 /* RootRouter.swift */,
				AF0D71C82A5BE9B600157758 /* RootViewController.swift */,
				AF0D71C92A5BE9B600157758 /* RootBuilder.swift */,
				AF0D71CA2A5BE9B600157758 /* RootInteractor.swift */,
				AF0D71D92A5BEEAD00157758 /* RootComponent+LoggedOut.swift */,
				AF0D71EA2A5BF02700157758 /* RootComponent+LoggedIn.swift */,
			);
			path = Root;
			sourceTree = "<group>";
		};
		AF0D71CF2A5BEA6C00157758 /* LoggedOut */ = {
			isa = PBXGroup;
			children = (
				AF0D71D12A5BEA8A00157758 /* LoggedOutRouter.swift */,
				AF0D71D22A5BEA8A00157758 /* LoggedOutViewController.swift */,
				AF0D71D32A5BEA8A00157758 /* LoggedOutBuilder.swift */,
				AF0D71D42A5BEA8A00157758 /* LoggedOutInteractor.swift */,
				AF3122722A977B4D00262088 /* SelectTag */,
			);
			path = LoggedOut;
			sourceTree = "<group>";
		};
		AF0D71D02A5BEA7200157758 /* LoggedIn */ = {
			isa = PBXGroup;
			children = (
				AF0D71DB2A5BEF7B00157758 /* LoggedInRouter.swift */,
				AF0D71DC2A5BEF7B00157758 /* LoggedInBuilder.swift */,
				AF0D71DD2A5BEF7B00157758 /* LoggedInInteractor.swift */,
			);
			path = LoggedIn;
			sourceTree = "<group>";
		};
		AF0D71E12A5BEF8900157758 /* Main */ = {
			isa = PBXGroup;
			children = (
				AF0D71E22A5BEFB800157758 /* MainRouter.swift */,
				AFE885F42A5C26EC001EF2C0 /* MainTabBarController.swift */,
				AF0D71E42A5BEFB800157758 /* MainBuilder.swift */,
				AF0D71E52A5BEFB800157758 /* MainInteractor.swift */,
				AFBB5F402A66AA82002416DA /* HomeTab */,
				AFBB5F492A66AA9C002416DA /* ExploreTab */,
				AFBB5F522A66AAB3002416DA /* SearchTab */,
				AFBB5F5B2A66AAC3002416DA /* MyPageTab */,
			);
			path = Main;
			sourceTree = "<group>";
		};
		AF18E2E02A68FE6A00C54490 /* ModalStyle */ = {
			isa = PBXGroup;
			children = (
				AF18E2E12A69012D00C54490 /* EditSentenceTransitioningDelegate.swift */,
				AF18E2E32A69015300C54490 /* EditSentencePresentationController.swift */,
			);
			path = ModalStyle;
			sourceTree = "<group>";
		};
		AF1945152A5C406B00B9FFA1 /* DesignSystem */ = {
			isa = PBXGroup;
			children = (
				AF1945162A5C407500B9FFA1 /* Constant.swift */,
				3520EF072A5E8F3400A53B34 /* UIImage+ParticleImage.swift */,
				AFFAEBE52A8CFBBA009EC03B /* UIFont+ParticleFont.swift */,
				AFBD9BC42A715FBC0076A404 /* UIColor+ParticleColor.swift */,
			);
			path = DesignSystem;
			sourceTree = "<group>";
		};
		AF19451B2A5C50F300B9FFA1 /* AddArticle */ = {
			isa = PBXGroup;
			children = (
				AFCAB6C42A5C521800E2310D /* AddArticleRouter.swift */,
				AFCAB6C62A5C521800E2310D /* AddArticleBuilder.swift */,
				AFCAB6C72A5C521800E2310D /* AddArticleInteractor.swift */,
				AF1D32A82A680CB200980F14 /* PhotoPicker */,
				AFBB5F6E2A66B60D002416DA /* SelectSentence */,
				3520EEF72A5CD3CE00A53B34 /* OrganizingSenctence */,
				3520EF092A5E90C500A53B34 /* SetAdditionalInformation */,
				3520EF022A5E6F7E00A53B34 /* AddAriticleRepository */,
			);
			path = AddArticle;
			sourceTree = "<group>";
		};
		AF1D32A82A680CB200980F14 /* PhotoPicker */ = {
			isa = PBXGroup;
			children = (
				AF4A190F2A6A1E4100932372 /* View */,
				AF1D32A92A680CC700980F14 /* PhotoPickerRouter.swift */,
				AF1D32AA2A680CC700980F14 /* PhotoPickerViewController.swift */,
				AF1D32AB2A680CC700980F14 /* PhotoPickerBuilder.swift */,
				AF1D32AC2A680CC700980F14 /* PhotoPickerInteractor.swift */,
			);
			path = PhotoPicker;
			sourceTree = "<group>";
		};
		AF3122722A977B4D00262088 /* SelectTag */ = {
			isa = PBXGroup;
			children = (
				AF31227B2A9780BD00262088 /* View */,
				AF3122732A977BEA00262088 /* SelectTagRouter.swift */,
				AF3122742A977BEA00262088 /* SelectTagViewController.swift */,
				AF3122752A977BEA00262088 /* SelectTagBuilder.swift */,
				AF3122762A977BEA00262088 /* SelectTagInteractor.swift */,
			);
			path = SelectTag;
			sourceTree = "<group>";
		};
		AF31227B2A9780BD00262088 /* View */ = {
			isa = PBXGroup;
			children = (
				AF31227C2A9780E900262088 /* Accordion.swift */,
			);
			path = View;
			sourceTree = "<group>";
		};
		AF4A190F2A6A1E4100932372 /* View */ = {
			isa = PBXGroup;
			children = (
				AF4A19102A6A1E4B00932372 /* PhotoCell.swift */,
			);
			path = View;
			sourceTree = "<group>";
		};
		AF86D82C2A4E6030009F1E9D /* Entry */ = {
			isa = PBXGroup;
			children = (
				AFB4BDC42A4093DC008BA9E0 /* AppDelegate.swift */,
				AF0D71C42A5BE6A200157758 /* AppComponent.swift */,
				AFB4BDC62A4093DC008BA9E0 /* SceneDelegate.swift */,
			);
			path = Entry;
			sourceTree = "<group>";
		};
		AF86D82D2A4E6044009F1E9D /* Resources */ = {
			isa = PBXGroup;
			children = (
				3520EF272A74DADE00A53B34 /* Fonts */,
				AFB4BDCD2A4093DD008BA9E0 /* Assets.xcassets */,
				AFB4BDCF2A4093DD008BA9E0 /* LaunchScreen.storyboard */,
				AFB4BDD22A4093DD008BA9E0 /* Info.plist */,
			);
			path = Resources;
			sourceTree = "<group>";
		};
		AFB4BDB82A4093DC008BA9E0 = {
			isa = PBXGroup;
			children = (
				AFB4BDC32A4093DC008BA9E0 /* Particle */,
				AFB4BDC22A4093DC008BA9E0 /* Products */,
				9968BF91A03407F5B3382E7B /* Pods */,
				A31CC1884BE19858A0362AE4 /* Frameworks */,
			);
			sourceTree = "<group>";
		};
		AFB4BDC22A4093DC008BA9E0 /* Products */ = {
			isa = PBXGroup;
			children = (
				AFB4BDC12A4093DC008BA9E0 /* Particle.app */,
			);
			name = Products;
			sourceTree = "<group>";
		};
		AFB4BDC32A4093DC008BA9E0 /* Particle */ = {
			isa = PBXGroup;
			children = (
				AF59F9B22A9CD39B00C4ABFD /* Particle.entitlements */,
				3520EF212A5FB17800A53B34 /* Utils */,
				AF1945152A5C406B00B9FFA1 /* DesignSystem */,
				AFE885F62A5C29E5001EF2C0 /* Extension */,
				AF86D82C2A4E6030009F1E9D /* Entry */,
				AF0D71C62A5BE9AC00157758 /* Root */,
				AF0D71CF2A5BEA6C00157758 /* LoggedOut */,
				AF0D71D02A5BEA7200157758 /* LoggedIn */,
				AF0D71E12A5BEF8900157758 /* Main */,
				AF86D82D2A4E6044009F1E9D /* Resources */,
			);
			path = Particle;
			sourceTree = "<group>";
		};
		AFBB5F402A66AA82002416DA /* HomeTab */ = {
			isa = PBXGroup;
			children = (
				AFBB5F412A66AA99002416DA /* HomeRouter.swift */,
				AFBB5F422A66AA99002416DA /* HomeViewController.swift */,
				AFBB5F442A66AA99002416DA /* HomeInteractor.swift */,
				AFBB5F432A66AA99002416DA /* HomeBuilder.swift */,
				AF19451B2A5C50F300B9FFA1 /* AddArticle */,
			);
			path = HomeTab;
			sourceTree = "<group>";
		};
		AFBB5F492A66AA9C002416DA /* ExploreTab */ = {
			isa = PBXGroup;
			children = (
				AFBB5F4A2A66AAB0002416DA /* ExploreRouter.swift */,
				AFBB5F4B2A66AAB0002416DA /* ExploreViewController.swift */,
				AFBB5F4C2A66AAB0002416DA /* ExploreBuilder.swift */,
				AFBB5F4D2A66AAB0002416DA /* ExploreInteractor.swift */,
			);
			path = ExploreTab;
			sourceTree = "<group>";
		};
		AFBB5F522A66AAB3002416DA /* SearchTab */ = {
			isa = PBXGroup;
			children = (
				AFBB5F642A66ABBF002416DA /* SearchRouter.swift */,
				AFBB5F652A66ABBF002416DA /* SearchViewController.swift */,
				AFBB5F662A66ABBF002416DA /* SearchBuilder.swift */,
				AFBB5F672A66ABBF002416DA /* SearchInteractor.swift */,
			);
			path = SearchTab;
			sourceTree = "<group>";
		};
		AFBB5F5B2A66AAC3002416DA /* MyPageTab */ = {
			isa = PBXGroup;
			children = (
				AFBB5F5C2A66AAD7002416DA /* MyPageRouter.swift */,
				AFBB5F5D2A66AAD7002416DA /* MyPageViewController.swift */,
				AFBB5F5E2A66AAD7002416DA /* MyPageBuilder.swift */,
				AFBB5F5F2A66AAD7002416DA /* MyPageInteractor.swift */,
			);
			path = MyPageTab;
			sourceTree = "<group>";
		};
		AFBB5F6E2A66B60D002416DA /* SelectSentence */ = {
			isa = PBXGroup;
			children = (
				AFBB5F702A66B65D002416DA /* SelectSentenceRouter.swift */,
				AFBB5F712A66B65D002416DA /* SelectSentenceViewController.swift */,
				AFBB5F722A66B65D002416DA /* SelectSentenceBuilder.swift */,
				AFBB5F732A66B65D002416DA /* SelectSentenceInteractor.swift */,
				AFBB5F6F2A66B616002416DA /* EditSentence */,
			);
			path = SelectSentence;
			sourceTree = "<group>";
		};
		AFBB5F6F2A66B616002416DA /* EditSentence */ = {
			isa = PBXGroup;
			children = (
				AF18E2E02A68FE6A00C54490 /* ModalStyle */,
				AFBB5F782A66B66B002416DA /* EditSentenceRouter.swift */,
				AFBB5F792A66B66B002416DA /* EditSentenceViewController.swift */,
				AFBB5F7A2A66B66B002416DA /* EditSentenceBuilder.swift */,
				AFBB5F7B2A66B66B002416DA /* EditSentenceInteractor.swift */,
			);
			path = EditSentence;
			sourceTree = "<group>";
		};
		AFE885F62A5C29E5001EF2C0 /* Extension */ = {
			isa = PBXGroup;
			children = (
				AFE885F72A5C29F7001EF2C0 /* Color+.swift */,
				3520EF252A5FC40800A53B34 /* NSMutableAttributedString+.swift */,
				AFBB5F6C2A66B5C1002416DA /* UIViewController+.swift */,
				AF4A19122A6A59BA00932372 /* UIImageView+.swift */,
			);
			path = Extension;
			sourceTree = "<group>";
		};
/* End PBXGroup section */

/* Begin PBXNativeTarget section */
		AFB4BDC02A4093DC008BA9E0 /* Particle */ = {
			isa = PBXNativeTarget;
			buildConfigurationList = AFB4BDD52A4093DD008BA9E0 /* Build configuration list for PBXNativeTarget "Particle" */;
			buildPhases = (
				2D2A9FF291233A56A05ABB6C /* [CP] Check Pods Manifest.lock */,
				AFB4BDBD2A4093DC008BA9E0 /* Sources */,
				AFB4BDBE2A4093DC008BA9E0 /* Frameworks */,
				AFB4BDBF2A4093DC008BA9E0 /* Resources */,
				C549DE8D63214D2B7230D9FE /* [CP] Embed Pods Frameworks */,
				FFE800C133C02281EC1D638E /* [CP] Copy Pods Resources */,
			);
			buildRules = (
			);
			dependencies = (
			);
			name = Particle;
			productName = Particle;
			productReference = AFB4BDC12A4093DC008BA9E0 /* Particle.app */;
			productType = "com.apple.product-type.application";
		};
/* End PBXNativeTarget section */

/* Begin PBXProject section */
		AFB4BDB92A4093DC008BA9E0 /* Project object */ = {
			isa = PBXProject;
			attributes = {
				BuildIndependentTargetsInParallel = 1;
				LastSwiftUpdateCheck = 1420;
				LastUpgradeCheck = 1420;
				TargetAttributes = {
					AFB4BDC02A4093DC008BA9E0 = {
						CreatedOnToolsVersion = 14.2;
					};
				};
			};
			buildConfigurationList = AFB4BDBC2A4093DC008BA9E0 /* Build configuration list for PBXProject "Particle" */;
			compatibilityVersion = "Xcode 13.0";
			developmentRegion = en;
			hasScannedForEncodings = 0;
			knownRegions = (
				en,
				Base,
			);
			mainGroup = AFB4BDB82A4093DC008BA9E0;
			productRefGroup = AFB4BDC22A4093DC008BA9E0 /* Products */;
			projectDirPath = "";
			projectRoot = "";
			targets = (
				AFB4BDC02A4093DC008BA9E0 /* Particle */,
			);
		};
/* End PBXProject section */

/* Begin PBXResourcesBuildPhase section */
		AFB4BDBF2A4093DC008BA9E0 /* Resources */ = {
			isa = PBXResourcesBuildPhase;
			buildActionMask = 2147483647;
			files = (
				3520EF392A74DB1C00A53B34 /* Pretendard-SemiBold.otf in Resources */,
				3520EF372A74DB1C00A53B34 /* Pretendard-ExtraLight.otf in Resources */,
				AFB4BDD12A4093DD008BA9E0 /* LaunchScreen.storyboard in Resources */,
				3520EF342A74DB1C00A53B34 /* Pretendard-Regular.otf in Resources */,
				3520EF442A74DDA700A53B34 /* YdestreetB.otf in Resources */,
				3520EF452A74DDA700A53B34 /* YdestreetL.otf in Resources */,
				3520EF352A74DB1C00A53B34 /* Pretendard-Bold.otf in Resources */,
				3520EF382A74DB1C00A53B34 /* Pretendard-Black.otf in Resources */,
				3520EF362A74DB1C00A53B34 /* Pretendard-Medium.otf in Resources */,
				AFB4BDCE2A4093DD008BA9E0 /* Assets.xcassets in Resources */,
				3520EF332A74DB1C00A53B34 /* Pretendard-ExtraBold.otf in Resources */,
				3520EF312A74DB1C00A53B34 /* Pretendard-Light.otf in Resources */,
				3520EF322A74DB1C00A53B34 /* Pretendard-Thin.otf in Resources */,
			);
			runOnlyForDeploymentPostprocessing = 0;
		};
/* End PBXResourcesBuildPhase section */

/* Begin PBXShellScriptBuildPhase section */
		2D2A9FF291233A56A05ABB6C /* [CP] Check Pods Manifest.lock */ = {
			isa = PBXShellScriptBuildPhase;
			buildActionMask = 2147483647;
			files = (
			);
			inputFileListPaths = (
			);
			inputPaths = (
				"${PODS_PODFILE_DIR_PATH}/Podfile.lock",
				"${PODS_ROOT}/Manifest.lock",
			);
			name = "[CP] Check Pods Manifest.lock";
			outputFileListPaths = (
			);
			outputPaths = (
				"$(DERIVED_FILE_DIR)/Pods-Particle-checkManifestLockResult.txt",
			);
			runOnlyForDeploymentPostprocessing = 0;
			shellPath = /bin/sh;
			shellScript = "diff \"${PODS_PODFILE_DIR_PATH}/Podfile.lock\" \"${PODS_ROOT}/Manifest.lock\" > /dev/null\nif [ $? != 0 ] ; then\n    # print error to STDERR\n    echo \"error: The sandbox is not in sync with the Podfile.lock. Run 'pod install' or update your CocoaPods installation.\" >&2\n    exit 1\nfi\n# This output is used by Xcode 'outputs' to avoid re-running this script phase.\necho \"SUCCESS\" > \"${SCRIPT_OUTPUT_FILE_0}\"\n";
			showEnvVarsInLog = 0;
		};
		C549DE8D63214D2B7230D9FE /* [CP] Embed Pods Frameworks */ = {
			isa = PBXShellScriptBuildPhase;
			buildActionMask = 2147483647;
			files = (
			);
			inputFileListPaths = (
				"${PODS_ROOT}/Target Support Files/Pods-Particle/Pods-Particle-frameworks-${CONFIGURATION}-input-files.xcfilelist",
			);
			name = "[CP] Embed Pods Frameworks";
			outputFileListPaths = (
				"${PODS_ROOT}/Target Support Files/Pods-Particle/Pods-Particle-frameworks-${CONFIGURATION}-output-files.xcfilelist",
			);
			runOnlyForDeploymentPostprocessing = 0;
			shellPath = /bin/sh;
			shellScript = "\"${PODS_ROOT}/Target Support Files/Pods-Particle/Pods-Particle-frameworks.sh\"\n";
			showEnvVarsInLog = 0;
		};
		FFE800C133C02281EC1D638E /* [CP] Copy Pods Resources */ = {
			isa = PBXShellScriptBuildPhase;
			buildActionMask = 2147483647;
			files = (
			);
			inputFileListPaths = (
				"${PODS_ROOT}/Target Support Files/Pods-Particle/Pods-Particle-resources-${CONFIGURATION}-input-files.xcfilelist",
			);
			name = "[CP] Copy Pods Resources";
			outputFileListPaths = (
				"${PODS_ROOT}/Target Support Files/Pods-Particle/Pods-Particle-resources-${CONFIGURATION}-output-files.xcfilelist",
			);
			runOnlyForDeploymentPostprocessing = 0;
			shellPath = /bin/sh;
			shellScript = "\"${PODS_ROOT}/Target Support Files/Pods-Particle/Pods-Particle-resources.sh\"\n";
			showEnvVarsInLog = 0;
		};
/* End PBXShellScriptBuildPhase section */

/* Begin PBXSourcesBuildPhase section */
		AFB4BDBD2A4093DC008BA9E0 /* Sources */ = {
			isa = PBXSourcesBuildPhase;
			buildActionMask = 2147483647;
			files = (
				AF0D71DF2A5BEF7B00157758 /* LoggedInBuilder.swift in Sources */,
				AF3122782A977BEA00262088 /* SelectTagViewController.swift in Sources */,
				AF3122792A977BEA00262088 /* SelectTagBuilder.swift in Sources */,
				AFBB5F762A66B65D002416DA /* SelectSentenceBuilder.swift in Sources */,
				AFBB5F602A66AAD7002416DA /* MyPageRouter.swift in Sources */,
				AFBB5F7F2A66B66B002416DA /* EditSentenceInteractor.swift in Sources */,
				AF0D71E62A5BEFB800157758 /* MainRouter.swift in Sources */,
				AFE885F52A5C26EC001EF2C0 /* MainTabBarController.swift in Sources */,
				AF18E2E42A69015300C54490 /* EditSentencePresentationController.swift in Sources */,
				AF0D71D82A5BEA8A00157758 /* LoggedOutInteractor.swift in Sources */,
				AF18E2E22A69012D00C54490 /* EditSentenceTransitioningDelegate.swift in Sources */,
				AF4A19132A6A59BB00932372 /* UIImageView+.swift in Sources */,
				AF1D32AD2A680CC700980F14 /* PhotoPickerRouter.swift in Sources */,
				AFBB5F512A66AAB0002416DA /* ExploreInteractor.swift in Sources */,
				AFBB5F4E2A66AAB0002416DA /* ExploreRouter.swift in Sources */,
				AF3122772A977BEA00262088 /* SelectTagRouter.swift in Sources */,
				3520EEFE2A5E623D00A53B34 /* PaddingLabel.swift in Sources */,
				3520EEF42A5CD3C000A53B34 /* OrganizingSentenceBuilder.swift in Sources */,
				AFBB5F7E2A66B66B002416DA /* EditSentenceBuilder.swift in Sources */,
				AF0D71C52A5BE6A200157758 /* AppComponent.swift in Sources */,
				AFCAB6CB2A5C521800E2310D /* AddArticleInteractor.swift in Sources */,
				AFBB5F6A2A66ABBF002416DA /* SearchBuilder.swift in Sources */,
				3520EF1C2A5FA80F00A53B34 /* LeftAlignedCollectionViewFlowLayout.swift in Sources */,
				AF1D32AE2A680CC700980F14 /* PhotoPickerViewController.swift in Sources */,
				AFBB5F7D2A66B66B002416DA /* EditSentenceViewController.swift in Sources */,
				AF0D71CD2A5BE9B600157758 /* RootBuilder.swift in Sources */,
				3520EF202A5FA86700A53B34 /* LeftAlignedCollectionViewCell.swift in Sources */,
				AFBB5F482A66AA99002416DA /* HomeInteractor.swift in Sources */,
				3520EEFC2A5D5F7D00A53B34 /* ReusableCell.swift in Sources */,
				AF0D71D72A5BEA8A00157758 /* LoggedOutBuilder.swift in Sources */,
				AFBB5F772A66B65D002416DA /* SelectSentenceInteractor.swift in Sources */,
				3520EF192A5E91A900A53B34 /* SetAdditionalInformationInteractor.swift in Sources */,
				AF1945172A5C407500B9FFA1 /* Constant.swift in Sources */,
				AF4A19112A6A1E4B00932372 /* PhotoCell.swift in Sources */,
				AF0D71DA2A5BEEAD00157758 /* RootComponent+LoggedOut.swift in Sources */,
				AFBB5F752A66B65D002416DA /* SelectSentenceViewController.swift in Sources */,
				AFCAB6C82A5C521800E2310D /* AddArticleRouter.swift in Sources */,
				3520EEF32A5CD3C000A53B34 /* OrganizingSentenceViewController.swift in Sources */,
				AFBB5F462A66AA99002416DA /* HomeViewController.swift in Sources */,
				AFBB5F7C2A66B66B002416DA /* EditSentenceRouter.swift in Sources */,
				3520EF162A5E91A900A53B34 /* SetAdditionalInformationRouter.swift in Sources */,
				3520EF012A5E697000A53B34 /* OrganizingSentenceViewModel.swift in Sources */,
				3520EEFA2A5CD57800A53B34 /* SentenceTableViewCell.swift in Sources */,
				3520EF232A5FB18A00A53B34 /* RibsUtil.swift in Sources */,
				AF1D32B02A680CC700980F14 /* PhotoPickerInteractor.swift in Sources */,
				AFBB5F6D2A66B5C1002416DA /* UIViewController+.swift in Sources */,
				AFBB5F6B2A66ABBF002416DA /* SearchInteractor.swift in Sources */,
				3520EF262A5FC40800A53B34 /* NSMutableAttributedString+.swift in Sources */,
				AF0D71CB2A5BE9B600157758 /* RootRouter.swift in Sources */,
				AFBB5F502A66AAB0002416DA /* ExploreBuilder.swift in Sources */,
				AF0D71E92A5BEFB800157758 /* MainInteractor.swift in Sources */,
				AF0D71D52A5BEA8A00157758 /* LoggedOutRouter.swift in Sources */,
				3520EF1E2A5FA83600A53B34 /* DynamicHeightCollectionView.swift in Sources */,
				AFBB5F632A66AAD7002416DA /* MyPageInteractor.swift in Sources */,
				AFBB5F612A66AAD7002416DA /* MyPageViewController.swift in Sources */,
				AF0D71CC2A5BE9B600157758 /* RootViewController.swift in Sources */,
				3520EF182A5E91A900A53B34 /* SetAdditionalInformationBuilder.swift in Sources */,
				AF31227D2A9780E900262088 /* Accordion.swift in Sources */,
				AFCAB6CA2A5C521800E2310D /* AddArticleBuilder.swift in Sources */,
				3520EF082A5E8F3400A53B34 /* UIImage+ParticleImage.swift in Sources */,
				AFBD9BC52A715FBC0076A404 /* UIColor+ParticleColor.swift in Sources */,
				AFFAEBE62A8CFBBA009EC03B /* UIFont+ParticleFont.swift in Sources */,
				AFB4BDC52A4093DC008BA9E0 /* AppDelegate.swift in Sources */,
				3520EF042A5E6F9C00A53B34 /* OrganizingSentenceRepository.swift in Sources */,
				AF0D71CE2A5BE9B600157758 /* RootInteractor.swift in Sources */,
				3520EEF52A5CD3C000A53B34 /* OrganizingSentenceInteractor.swift in Sources */,
				AF0D71EB2A5BF02700157758 /* RootComponent+LoggedIn.swift in Sources */,
				AFBB5F4F2A66AAB0002416DA /* ExploreViewController.swift in Sources */,
				AFBB5F472A66AA99002416DA /* HomeBuilder.swift in Sources */,
				AFBB5F452A66AA99002416DA /* HomeRouter.swift in Sources */,
				AFBB5F682A66ABBF002416DA /* SearchRouter.swift in Sources */,
				AF0D71DE2A5BEF7B00157758 /* LoggedInRouter.swift in Sources */,
				AF0D71E82A5BEFB800157758 /* MainBuilder.swift in Sources */,
				AFBB5F742A66B65D002416DA /* SelectSentenceRouter.swift in Sources */,
				AFBB5F622A66AAD7002416DA /* MyPageBuilder.swift in Sources */,
				3520EEF22A5CD3C000A53B34 /* OrganizingSentenceRouter.swift in Sources */,
				AF31227A2A977BEA00262088 /* SelectTagInteractor.swift in Sources */,
				AF0D71D62A5BEA8A00157758 /* LoggedOutViewController.swift in Sources */,
				AFBB5F692A66ABBF002416DA /* SearchViewController.swift in Sources */,
				AFE885F82A5C29F7001EF2C0 /* Color+.swift in Sources */,
				AF1D32AF2A680CC700980F14 /* PhotoPickerBuilder.swift in Sources */,
				AF0D71E02A5BEF7B00157758 /* LoggedInInteractor.swift in Sources */,
				AF18E2DF2A68EEB100C54490 /* Console.swift in Sources */,
				AFB4BDC72A4093DC008BA9E0 /* SceneDelegate.swift in Sources */,
				3520EF172A5E91A900A53B34 /* SetAdditionalInformationViewController.swift in Sources */,
			);
			runOnlyForDeploymentPostprocessing = 0;
		};
/* End PBXSourcesBuildPhase section */

/* Begin PBXVariantGroup section */
		AFB4BDCF2A4093DD008BA9E0 /* LaunchScreen.storyboard */ = {
			isa = PBXVariantGroup;
			children = (
				AFB4BDD02A4093DD008BA9E0 /* Base */,
			);
			name = LaunchScreen.storyboard;
			sourceTree = "<group>";
		};
/* End PBXVariantGroup section */

/* Begin XCBuildConfiguration section */
		AFB4BDD32A4093DD008BA9E0 /* Debug */ = {
			isa = XCBuildConfiguration;
			buildSettings = {
				ALWAYS_SEARCH_USER_PATHS = NO;
				CLANG_ANALYZER_NONNULL = YES;
				CLANG_ANALYZER_NUMBER_OBJECT_CONVERSION = YES_AGGRESSIVE;
				CLANG_CXX_LANGUAGE_STANDARD = "gnu++20";
				CLANG_ENABLE_MODULES = YES;
				CLANG_ENABLE_OBJC_ARC = YES;
				CLANG_ENABLE_OBJC_WEAK = YES;
				CLANG_WARN_BLOCK_CAPTURE_AUTORELEASING = YES;
				CLANG_WARN_BOOL_CONVERSION = YES;
				CLANG_WARN_COMMA = YES;
				CLANG_WARN_CONSTANT_CONVERSION = YES;
				CLANG_WARN_DEPRECATED_OBJC_IMPLEMENTATIONS = YES;
				CLANG_WARN_DIRECT_OBJC_ISA_USAGE = YES_ERROR;
				CLANG_WARN_DOCUMENTATION_COMMENTS = YES;
				CLANG_WARN_EMPTY_BODY = YES;
				CLANG_WARN_ENUM_CONVERSION = YES;
				CLANG_WARN_INFINITE_RECURSION = YES;
				CLANG_WARN_INT_CONVERSION = YES;
				CLANG_WARN_NON_LITERAL_NULL_CONVERSION = YES;
				CLANG_WARN_OBJC_IMPLICIT_RETAIN_SELF = YES;
				CLANG_WARN_OBJC_LITERAL_CONVERSION = YES;
				CLANG_WARN_OBJC_ROOT_CLASS = YES_ERROR;
				CLANG_WARN_QUOTED_INCLUDE_IN_FRAMEWORK_HEADER = YES;
				CLANG_WARN_RANGE_LOOP_ANALYSIS = YES;
				CLANG_WARN_STRICT_PROTOTYPES = YES;
				CLANG_WARN_SUSPICIOUS_MOVE = YES;
				CLANG_WARN_UNGUARDED_AVAILABILITY = YES_AGGRESSIVE;
				CLANG_WARN_UNREACHABLE_CODE = YES;
				CLANG_WARN__DUPLICATE_METHOD_MATCH = YES;
				COPY_PHASE_STRIP = NO;
				DEBUG_INFORMATION_FORMAT = dwarf;
				ENABLE_STRICT_OBJC_MSGSEND = YES;
				ENABLE_TESTABILITY = YES;
				GCC_C_LANGUAGE_STANDARD = gnu11;
				GCC_DYNAMIC_NO_PIC = NO;
				GCC_NO_COMMON_BLOCKS = YES;
				GCC_OPTIMIZATION_LEVEL = 0;
				GCC_PREPROCESSOR_DEFINITIONS = (
					"DEBUG=1",
					"$(inherited)",
				);
				GCC_WARN_64_TO_32_BIT_CONVERSION = YES;
				GCC_WARN_ABOUT_RETURN_TYPE = YES_ERROR;
				GCC_WARN_UNDECLARED_SELECTOR = YES;
				GCC_WARN_UNINITIALIZED_AUTOS = YES_AGGRESSIVE;
				GCC_WARN_UNUSED_FUNCTION = YES;
				GCC_WARN_UNUSED_VARIABLE = YES;
				IPHONEOS_DEPLOYMENT_TARGET = 14.0;
				MTL_ENABLE_DEBUG_INFO = INCLUDE_SOURCE;
				MTL_FAST_MATH = YES;
				ONLY_ACTIVE_ARCH = YES;
				SDKROOT = iphoneos;
				SWIFT_ACTIVE_COMPILATION_CONDITIONS = DEBUG;
				SWIFT_OPTIMIZATION_LEVEL = "-Onone";
			};
			name = Debug;
		};
		AFB4BDD42A4093DD008BA9E0 /* Release */ = {
			isa = XCBuildConfiguration;
			buildSettings = {
				ALWAYS_SEARCH_USER_PATHS = NO;
				CLANG_ANALYZER_NONNULL = YES;
				CLANG_ANALYZER_NUMBER_OBJECT_CONVERSION = YES_AGGRESSIVE;
				CLANG_CXX_LANGUAGE_STANDARD = "gnu++20";
				CLANG_ENABLE_MODULES = YES;
				CLANG_ENABLE_OBJC_ARC = YES;
				CLANG_ENABLE_OBJC_WEAK = YES;
				CLANG_WARN_BLOCK_CAPTURE_AUTORELEASING = YES;
				CLANG_WARN_BOOL_CONVERSION = YES;
				CLANG_WARN_COMMA = YES;
				CLANG_WARN_CONSTANT_CONVERSION = YES;
				CLANG_WARN_DEPRECATED_OBJC_IMPLEMENTATIONS = YES;
				CLANG_WARN_DIRECT_OBJC_ISA_USAGE = YES_ERROR;
				CLANG_WARN_DOCUMENTATION_COMMENTS = YES;
				CLANG_WARN_EMPTY_BODY = YES;
				CLANG_WARN_ENUM_CONVERSION = YES;
				CLANG_WARN_INFINITE_RECURSION = YES;
				CLANG_WARN_INT_CONVERSION = YES;
				CLANG_WARN_NON_LITERAL_NULL_CONVERSION = YES;
				CLANG_WARN_OBJC_IMPLICIT_RETAIN_SELF = YES;
				CLANG_WARN_OBJC_LITERAL_CONVERSION = YES;
				CLANG_WARN_OBJC_ROOT_CLASS = YES_ERROR;
				CLANG_WARN_QUOTED_INCLUDE_IN_FRAMEWORK_HEADER = YES;
				CLANG_WARN_RANGE_LOOP_ANALYSIS = YES;
				CLANG_WARN_STRICT_PROTOTYPES = YES;
				CLANG_WARN_SUSPICIOUS_MOVE = YES;
				CLANG_WARN_UNGUARDED_AVAILABILITY = YES_AGGRESSIVE;
				CLANG_WARN_UNREACHABLE_CODE = YES;
				CLANG_WARN__DUPLICATE_METHOD_MATCH = YES;
				COPY_PHASE_STRIP = NO;
				DEBUG_INFORMATION_FORMAT = "dwarf-with-dsym";
				ENABLE_NS_ASSERTIONS = NO;
				ENABLE_STRICT_OBJC_MSGSEND = YES;
				GCC_C_LANGUAGE_STANDARD = gnu11;
				GCC_NO_COMMON_BLOCKS = YES;
				GCC_WARN_64_TO_32_BIT_CONVERSION = YES;
				GCC_WARN_ABOUT_RETURN_TYPE = YES_ERROR;
				GCC_WARN_UNDECLARED_SELECTOR = YES;
				GCC_WARN_UNINITIALIZED_AUTOS = YES_AGGRESSIVE;
				GCC_WARN_UNUSED_FUNCTION = YES;
				GCC_WARN_UNUSED_VARIABLE = YES;
				IPHONEOS_DEPLOYMENT_TARGET = 14.0;
				MTL_ENABLE_DEBUG_INFO = NO;
				MTL_FAST_MATH = YES;
				SDKROOT = iphoneos;
				SWIFT_COMPILATION_MODE = wholemodule;
				SWIFT_OPTIMIZATION_LEVEL = "-O";
				VALIDATE_PRODUCT = YES;
			};
			name = Release;
		};
		AFB4BDD62A4093DD008BA9E0 /* Debug */ = {
			isa = XCBuildConfiguration;
			baseConfigurationReference = B85199DB8EE46F1BAC5B9045 /* Pods-Particle.debug.xcconfig */;
			buildSettings = {
				ASSETCATALOG_COMPILER_APPICON_NAME = AppIcon;
				ASSETCATALOG_COMPILER_GLOBAL_ACCENT_COLOR_NAME = AccentColor;
				CODE_SIGN_ENTITLEMENTS = Particle/Particle.entitlements;
				CODE_SIGN_STYLE = Automatic;
				CURRENT_PROJECT_VERSION = 1;
				DEVELOPMENT_TEAM = SWPBG3YXG5;
				GENERATE_INFOPLIST_FILE = YES;
				INFOPLIST_FILE = Particle/Resources/Info.plist;
				INFOPLIST_KEY_NSPhotoLibraryUsageDescription = "사진앨범 접근 권한을 허용 해주세용 🥰";
				INFOPLIST_KEY_UIApplicationSupportsIndirectInputEvents = YES;
				INFOPLIST_KEY_UILaunchStoryboardName = LaunchScreen;
				INFOPLIST_KEY_UIStatusBarStyle = UIStatusBarStyleLightContent;
				INFOPLIST_KEY_UISupportedInterfaceOrientations_iPad = "UIInterfaceOrientationPortrait UIInterfaceOrientationPortraitUpsideDown UIInterfaceOrientationLandscapeLeft UIInterfaceOrientationLandscapeRight";
				INFOPLIST_KEY_UISupportedInterfaceOrientations_iPhone = "UIInterfaceOrientationPortrait UIInterfaceOrientationLandscapeLeft UIInterfaceOrientationLandscapeRight";
				IPHONEOS_DEPLOYMENT_TARGET = 14.0;
				LD_RUNPATH_SEARCH_PATHS = (
					"$(inherited)",
					"@executable_path/Frameworks",
				);
				MARKETING_VERSION = 1.0;
				PRODUCT_BUNDLE_IDENTIFIER = com.wonbeen.Particle;
				PRODUCT_NAME = "$(TARGET_NAME)";
				SWIFT_EMIT_LOC_STRINGS = YES;
				SWIFT_VERSION = 5.0;
				TARGETED_DEVICE_FAMILY = "1,2";
			};
			name = Debug;
		};
		AFB4BDD72A4093DD008BA9E0 /* Release */ = {
			isa = XCBuildConfiguration;
			baseConfigurationReference = 2C51D4FA6C13FD019C43C14F /* Pods-Particle.release.xcconfig */;
			buildSettings = {
				ASSETCATALOG_COMPILER_APPICON_NAME = AppIcon;
				ASSETCATALOG_COMPILER_GLOBAL_ACCENT_COLOR_NAME = AccentColor;
				CODE_SIGN_ENTITLEMENTS = Particle/Particle.entitlements;
				CODE_SIGN_STYLE = Automatic;
				CURRENT_PROJECT_VERSION = 1;
				DEVELOPMENT_TEAM = SWPBG3YXG5;
				GENERATE_INFOPLIST_FILE = YES;
				INFOPLIST_FILE = Particle/Resources/Info.plist;
				INFOPLIST_KEY_NSPhotoLibraryUsageDescription = "사진앨범 접근 권한을 허용 해주세용 🥰";
				INFOPLIST_KEY_UIApplicationSupportsIndirectInputEvents = YES;
				INFOPLIST_KEY_UILaunchStoryboardName = LaunchScreen;
				INFOPLIST_KEY_UIStatusBarStyle = UIStatusBarStyleLightContent;
				INFOPLIST_KEY_UISupportedInterfaceOrientations_iPad = "UIInterfaceOrientationPortrait UIInterfaceOrientationPortraitUpsideDown UIInterfaceOrientationLandscapeLeft UIInterfaceOrientationLandscapeRight";
				INFOPLIST_KEY_UISupportedInterfaceOrientations_iPhone = "UIInterfaceOrientationPortrait UIInterfaceOrientationLandscapeLeft UIInterfaceOrientationLandscapeRight";
				IPHONEOS_DEPLOYMENT_TARGET = 14.0;
				LD_RUNPATH_SEARCH_PATHS = (
					"$(inherited)",
					"@executable_path/Frameworks",
				);
				MARKETING_VERSION = 1.0;
				PRODUCT_BUNDLE_IDENTIFIER = com.wonbeen.Particle;
				PRODUCT_NAME = "$(TARGET_NAME)";
				SWIFT_EMIT_LOC_STRINGS = YES;
				SWIFT_VERSION = 5.0;
				TARGETED_DEVICE_FAMILY = "1,2";
			};
			name = Release;
		};
/* End XCBuildConfiguration section */

/* Begin XCConfigurationList section */
		AFB4BDBC2A4093DC008BA9E0 /* Build configuration list for PBXProject "Particle" */ = {
			isa = XCConfigurationList;
			buildConfigurations = (
				AFB4BDD32A4093DD008BA9E0 /* Debug */,
				AFB4BDD42A4093DD008BA9E0 /* Release */,
			);
			defaultConfigurationIsVisible = 0;
			defaultConfigurationName = Release;
		};
		AFB4BDD52A4093DD008BA9E0 /* Build configuration list for PBXNativeTarget "Particle" */ = {
			isa = XCConfigurationList;
			buildConfigurations = (
				AFB4BDD62A4093DD008BA9E0 /* Debug */,
				AFB4BDD72A4093DD008BA9E0 /* Release */,
			);
			defaultConfigurationIsVisible = 0;
			defaultConfigurationName = Release;
		};
/* End XCConfigurationList section */
	};
	rootObject = AFB4BDB92A4093DC008BA9E0 /* Project object */;
}
